
Microsoft Visual Studio Solution File, Format Version 12.00
# Visual Studio Version 17
VisualStudioVersion = 17.0.31903.59
MinimumVisualStudioVersion = 10.0.40219.1
Project("{2150E333-8FDC-42A3-9474-1A3956D46DE8}") = "FluxTransit", "FluxTransit", "{C7B4D448-199D-B54B-45A7-31E71714E85F}"
EndProject
Project("{FAE04EC0-301F-11D3-BF4B-00C04F79EFBC}") = "FluxTransit", "FluxTransit\FluxTransit\FluxTransit.csproj", "{7EC584CE-B394-42E0-A03D-57D53C38B881}"
EndProject
Project("{FAE04EC0-301F-11D3-BF4B-00C04F79EFBC}") = "FluxTransit.DataContracts", "FluxTransit\FluxTransit.DataContracts\FluxTransit.DataContracts.csproj", "{14816881-DDB1-48E7-8BA3-0DBC920943F3}"
EndProject
Global
	GlobalSection(SolutionConfigurationPlatforms) = preSolution
		Debug|Any CPU = Debug|Any CPU
		Debug|x64 = Debug|x64
		Debug|x86 = Debug|x86
		Release|Any CPU = Release|Any CPU
		Release|x64 = Release|x64
		Release|x86 = Release|x86
	EndGlobalSection
	GlobalSection(ProjectConfigurationPlatforms) = postSolution
		{7EC584CE-B394-42E0-A03D-57D53C38B881}.Debug|Any CPU.ActiveCfg = Debug|Any CPU
		{7EC584CE-B394-42E0-A03D-57D53C38B881}.Debug|Any CPU.Build.0 = Debug|Any CPU
		{7EC584CE-B394-42E0-A03D-57D53C38B881}.Debug|x64.ActiveCfg = Debug|Any CPU
		{7EC584CE-B394-42E0-A03D-57D53C38B881}.Debug|x64.Build.0 = Debug|Any CPU
		{7EC584CE-B394-42E0-A03D-57D53C38B881}.Debug|x86.ActiveCfg = Debug|Any CPU
		{7EC584CE-B394-42E0-A03D-57D53C38B881}.Debug|x86.Build.0 = Debug|Any CPU
		{7EC584CE-B394-42E0-A03D-57D53C38B881}.Release|Any CPU.ActiveCfg = Release|Any CPU
		{7EC584CE-B394-42E0-A03D-57D53C38B881}.Release|Any CPU.Build.0 = Release|Any CPU
		{7EC584CE-B394-42E0-A03D-57D53C38B881}.Release|x64.ActiveCfg = Release|Any CPU
		{7EC584CE-B394-42E0-A03D-57D53C38B881}.Release|x64.Build.0 = Release|Any CPU
		{7EC584CE-B394-42E0-A03D-57D53C38B881}.Release|x86.ActiveCfg = Release|Any CPU
		{7EC584CE-B394-42E0-A03D-57D53C38B881}.Release|x86.Build.0 = Release|Any CPU
		{14816881-DDB1-48E7-8BA3-0DBC920943F3}.Debug|Any CPU.ActiveCfg = Debug|Any CPU
		{14816881-DDB1-48E7-8BA3-0DBC920943F3}.Debug|Any CPU.Build.0 = Debug|Any CPU
		{14816881-DDB1-48E7-8BA3-0DBC920943F3}.Debug|x64.ActiveCfg = Debug|Any CPU
		{14816881-DDB1-48E7-8BA3-0DBC920943F3}.Debug|x64.Build.0 = Debug|Any CPU
		{14816881-DDB1-48E7-8BA3-0DBC920943F3}.Debug|x86.ActiveCfg = Debug|Any CPU
		{14816881-DDB1-48E7-8BA3-0DBC920943F3}.Debug|x86.Build.0 = Debug|Any CPU
		{14816881-DDB1-48E7-8BA3-0DBC920943F3}.Release|Any CPU.ActiveCfg = Release|Any CPU
		{14816881-DDB1-48E7-8BA3-0DBC920943F3}.Release|Any CPU.Build.0 = Release|Any CPU
		{14816881-DDB1-48E7-8BA3-0DBC920943F3}.Release|x64.ActiveCfg = Release|Any CPU
		{14816881-DDB1-48E7-8BA3-0DBC920943F3}.Release|x64.Build.0 = Release|Any CPU
		{14816881-DDB1-48E7-8BA3-0DBC920943F3}.Release|x86.ActiveCfg = Release|Any CPU
		{14816881-DDB1-48E7-8BA3-0DBC920943F3}.Release|x86.Build.0 = Release|Any CPU
	EndGlobalSection
	GlobalSection(SolutionProperties) = preSolution
		HideSolutionNode = FALSE
	EndGlobalSection
	GlobalSection(NestedProjects) = preSolution
		{7EC584CE-B394-42E0-A03D-57D53C38B881} = {C7B4D448-199D-B54B-45A7-31E71714E85F}
		{14816881-DDB1-48E7-8BA3-0DBC920943F3} = {C7B4D448-199D-B54B-45A7-31E71714E85F}
	EndGlobalSection
EndGlobal
